
Microsoft Visual Studio Solution File, Format Version 12.00
# Visual Studio Version 17
VisualStudioVersion = 17.8.34330.188
MinimumVisualStudioVersion = 10.0.40219.1
Project("{9A19103F-16F7-4668-BE54-9A1E7A4F7556}") = "EmployeeManagement.Server", "EmployeeManagement\EmployeeManagement.Server\EmployeeManagement.Server.csproj", "{4DE52201-150A-464C-B8AB-CA85105677F3}"
EndProject
Project("{54A90642-561A-4BB1-A94E-469ADEE60C69}") = "employeemanagement.client", "EmployeeManagement\employeemanagement.client\employeemanagement.client.esproj", "{CBCD3F36-F034-4588-B2E4-BA120991ED07}"
EndProject
Project("{9A19103F-16F7-4668-BE54-9A1E7A4F7556}") = "EmployeeManagement.Core", "EmployeeManagement.Core\EmployeeManagement.Core.csproj", "{80AB58C1-DC51-4B3E-BD40-AE0EF2230AEE}"
EndProject
Project("{9A19103F-16F7-4668-BE54-9A1E7A4F7556}") = "EmployeeManagement.Shared", "EmployeeManagement.Shared\EmployeeManagement.Shared.csproj", "{D3D20F20-08C5-4C71-BBC0-18E1EFCBA35F}"
EndProject
Project("{9A19103F-16F7-4668-BE54-9A1E7A4F7556}") = "EmployeeManagement.Utility", "EmployeeManagement.Utility\EmployeeManagement.Utility.csproj", "{36AE0D9B-93B1-4014-856E-810B4379A846}"
EndProject
Project("{FAE04EC0-301F-11D3-BF4B-00C04F79EFBC}") = "EmployeeManagement.Abstraction", "EmployeeManagement.Abstraction\EmployeeManagement.Abstraction.csproj", "{AA904848-024C-46BB-B99D-BABFA7302DC8}"
EndProject
Global
	GlobalSection(SolutionConfigurationPlatforms) = preSolution
		Debug|Any CPU = Debug|Any CPU
		Release|Any CPU = Release|Any CPU
	EndGlobalSection
	GlobalSection(ProjectConfigurationPlatforms) = postSolution
		{4DE52201-150A-464C-B8AB-CA85105677F3}.Debug|Any CPU.ActiveCfg = Debug|Any CPU
		{4DE52201-150A-464C-B8AB-CA85105677F3}.Debug|Any CPU.Build.0 = Debug|Any CPU
		{4DE52201-150A-464C-B8AB-CA85105677F3}.Release|Any CPU.ActiveCfg = Release|Any CPU
		{4DE52201-150A-464C-B8AB-CA85105677F3}.Release|Any CPU.Build.0 = Release|Any CPU
		{CBCD3F36-F034-4588-B2E4-BA120991ED07}.Debug|Any CPU.ActiveCfg = Debug|Any CPU
		{CBCD3F36-F034-4588-B2E4-BA120991ED07}.Debug|Any CPU.Build.0 = Debug|Any CPU
		{CBCD3F36-F034-4588-B2E4-BA120991ED07}.Debug|Any CPU.Deploy.0 = Debug|Any CPU
		{CBCD3F36-F034-4588-B2E4-BA120991ED07}.Release|Any CPU.ActiveCfg = Release|Any CPU
		{CBCD3F36-F034-4588-B2E4-BA120991ED07}.Release|Any CPU.Build.0 = Release|Any CPU
		{CBCD3F36-F034-4588-B2E4-BA120991ED07}.Release|Any CPU.Deploy.0 = Release|Any CPU
		{80AB58C1-DC51-4B3E-BD40-AE0EF2230AEE}.Debug|Any CPU.ActiveCfg = Debug|Any CPU
		{80AB58C1-DC51-4B3E-BD40-AE0EF2230AEE}.Debug|Any CPU.Build.0 = Debug|Any CPU
		{80AB58C1-DC51-4B3E-BD40-AE0EF2230AEE}.Release|Any CPU.ActiveCfg = Release|Any CPU
		{80AB58C1-DC51-4B3E-BD40-AE0EF2230AEE}.Release|Any CPU.Build.0 = Release|Any CPU
		{D3D20F20-08C5-4C71-BBC0-18E1EFCBA35F}.Debug|Any CPU.ActiveCfg = Debug|Any CPU
		{D3D20F20-08C5-4C71-BBC0-18E1EFCBA35F}.Debug|Any CPU.Build.0 = Debug|Any CPU
		{D3D20F20-08C5-4C71-BBC0-18E1EFCBA35F}.Release|Any CPU.ActiveCfg = Release|Any CPU
		{D3D20F20-08C5-4C71-BBC0-18E1EFCBA35F}.Release|Any CPU.Build.0 = Release|Any CPU
		{36AE0D9B-93B1-4014-856E-810B4379A846}.Debug|Any CPU.ActiveCfg = Debug|Any CPU
		{36AE0D9B-93B1-4014-856E-810B4379A846}.Debug|Any CPU.Build.0 = Debug|Any CPU
		{36AE0D9B-93B1-4014-856E-810B4379A846}.Release|Any CPU.ActiveCfg = Release|Any CPU
		{36AE0D9B-93B1-4014-856E-810B4379A846}.Release|Any CPU.Build.0 = Release|Any CPU
		{AA904848-024C-46BB-B99D-BABFA7302DC8}.Debug|Any CPU.ActiveCfg = Debug|Any CPU
		{AA904848-024C-46BB-B99D-BABFA7302DC8}.Debug|Any CPU.Build.0 = Debug|Any CPU
		{AA904848-024C-46BB-B99D-BABFA7302DC8}.Release|Any CPU.ActiveCfg = Release|Any CPU
		{AA904848-024C-46BB-B99D-BABFA7302DC8}.Release|Any CPU.Build.0 = Release|Any CPU
	EndGlobalSection
	GlobalSection(SolutionProperties) = preSolution
		HideSolutionNode = FALSE
	EndGlobalSection
	GlobalSection(ExtensibilityGlobals) = postSolution
		SolutionGuid = {42C711FF-8072-4AA5-92B8-82E15A3A4F17}
	EndGlobalSection
EndGlobal
